
Microsoft Visual Studio Solution File, Format Version 12.00
# Visual Studio Version 16
VisualStudioVersion = 16.0.29613.14
MinimumVisualStudioVersion = 10.0.40219.1
Project("{FAE04EC0-301F-11D3-BF4B-00C04F79EFBC}") = "StudentManagementSysytem", "StudentManagementSysytem\StudentManagementSysytem.csproj", "{2EC2D091-EE30-4AC6-A588-39B24782C1F4}"
EndProject
Global
	GlobalSection(SolutionConfigurationPlatforms) = preSolution
		Debug|Any CPU = Debug|Any CPU
		Release|Any CPU = Release|Any CPU
	EndGlobalSection
	GlobalSection(ProjectConfigurationPlatforms) = postSolution
		{2EC2D091-EE30-4AC6-A588-39B24782C1F4}.Debug|Any CPU.ActiveCfg = Debug|Any CPU
		{2EC2D091-EE30-4AC6-A588-39B24782C1F4}.Debug|Any CPU.Build.0 = Debug|Any CPU
		{2EC2D091-EE30-4AC6-A588-39B24782C1F4}.Release|Any CPU.ActiveCfg = Release|Any CPU
		{2EC2D091-EE30-4AC6-A588-39B24782C1F4}.Release|Any CPU.Build.0 = Release|Any CPU
	EndGlobalSection
	GlobalSection(SolutionProperties) = preSolution
		HideSolutionNode = FALSE
	EndGlobalSection
	GlobalSection(ExtensibilityGlobals) = postSolution
		SolutionGuid = {E86A2254-18EC-43E3-B863-10E22885D1B2}
	EndGlobalSection
EndGlobal
